// !$*UTF8*$!
{
	archiveVersion = 1;
	classes = {
	};
	objectVersion = 50;
	objects = {

/* Begin PBXBuildFile section */
		16101B0F23875DC200D53E0E /* AppDelegate.swift in Sources */ = {isa = PBXBuildFile; fileRef = 16101B0E23875DC200D53E0E /* AppDelegate.swift */; };
		16101B1123875DC200D53E0E /* ViewController.swift in Sources */ = {isa = PBXBuildFile; fileRef = 16101B1023875DC200D53E0E /* ViewController.swift */; };
		16101B1423875DC200D53E0E /* Main.storyboard in Resources */ = {isa = PBXBuildFile; fileRef = 16101B1223875DC200D53E0E /* Main.storyboard */; };
		16101B1623875DC500D53E0E /* Assets.xcassets in Resources */ = {isa = PBXBuildFile; fileRef = 16101B1523875DC500D53E0E /* Assets.xcassets */; };
		16101B1923875DC500D53E0E /* LaunchScreen.storyboard in Resources */ = {isa = PBXBuildFile; fileRef = 16101B1723875DC500D53E0E /* LaunchScreen.storyboard */; };
		16101B2423875DC500D53E0E /* Fishhh_prototypeTests.swift in Sources */ = {isa = PBXBuildFile; fileRef = 16101B2323875DC500D53E0E /* Fishhh_prototypeTests.swift */; };
		16101B2F23875DC500D53E0E /* Fishhh_prototypeUITests.swift in Sources */ = {isa = PBXBuildFile; fileRef = 16101B2E23875DC500D53E0E /* Fishhh_prototypeUITests.swift */; };
		16101B3D2387702A00D53E0E /* Color.xcassets in Resources */ = {isa = PBXBuildFile; fileRef = 16101B3C2387702A00D53E0E /* Color.xcassets */; };
		16101B3F2387912500D53E0E /* ShopViewController.swift in Sources */ = {isa = PBXBuildFile; fileRef = 16101B3E2387912500D53E0E /* ShopViewController.swift */; };
/* End PBXBuildFile section */

/* Begin PBXContainerItemProxy section */
		16101B2023875DC500D53E0E /* PBXContainerItemProxy */ = {
			isa = PBXContainerItemProxy;
			containerPortal = 16101B0323875DC200D53E0E /* Project object */;
			proxyType = 1;
			remoteGlobalIDString = 16101B0A23875DC200D53E0E;
			remoteInfo = "Fishhh-prototype";
		};
		16101B2B23875DC500D53E0E /* PBXContainerItemProxy */ = {
			isa = PBXContainerItemProxy;
			containerPortal = 16101B0323875DC200D53E0E /* Project object */;
			proxyType = 1;
			remoteGlobalIDString = 16101B0A23875DC200D53E0E;
			remoteInfo = "Fishhh-prototype";
		};
/* End PBXContainerItemProxy section */

/* Begin PBXFileReference section */
		16101B0B23875DC200D53E0E /* Fishhh-prototype.app */ = {isa = PBXFileReference; explicitFileType = wrapper.application; includeInIndex = 0; path = "Fishhh-prototype.app"; sourceTree = BUILT_PRODUCTS_DIR; };
		16101B0E23875DC200D53E0E /* AppDelegate.swift */ = {isa = PBXFileReference; lastKnownFileType = sourcecode.swift; path = AppDelegate.swift; sourceTree = "<group>"; };
		16101B1023875DC200D53E0E /* ViewController.swift */ = {isa = PBXFileReference; lastKnownFileType = sourcecode.swift; path = ViewController.swift; sourceTree = "<group>"; };
		16101B1323875DC200D53E0E /* Base */ = {isa = PBXFileReference; lastKnownFileType = file.storyboard; name = Base; path = Base.lproj/Main.storyboard; sourceTree = "<group>"; };
		16101B1523875DC500D53E0E /* Assets.xcassets */ = {isa = PBXFileReference; lastKnownFileType = folder.assetcatalog; path = Assets.xcassets; sourceTree = "<group>"; };
		16101B1823875DC500D53E0E /* Base */ = {isa = PBXFileReference; lastKnownFileType = file.storyboard; name = Base; path = Base.lproj/LaunchScreen.storyboard; sourceTree = "<group>"; };
		16101B1A23875DC500D53E0E /* Info.plist */ = {isa = PBXFileReference; lastKnownFileType = text.plist.xml; path = Info.plist; sourceTree = "<group>"; };
		16101B1F23875DC500D53E0E /* Fishhh-prototypeTests.xctest */ = {isa = PBXFileReference; explicitFileType = wrapper.cfbundle; includeInIndex = 0; path = "Fishhh-prototypeTests.xctest"; sourceTree = BUILT_PRODUCTS_DIR; };
		16101B2323875DC500D53E0E /* Fishhh_prototypeTests.swift */ = {isa = PBXFileReference; lastKnownFileType = sourcecode.swift; path = Fishhh_prototypeTests.swift; sourceTree = "<group>"; };
		16101B2523875DC500D53E0E /* Info.plist */ = {isa = PBXFileReference; lastKnownFileType = text.plist.xml; path = Info.plist; sourceTree = "<group>"; };
		16101B2A23875DC500D53E0E /* Fishhh-prototypeUITests.xctest */ = {isa = PBXFileReference; explicitFileType = wrapper.cfbundle; includeInIndex = 0; path = "Fishhh-prototypeUITests.xctest"; sourceTree = BUILT_PRODUCTS_DIR; };
		16101B2E23875DC500D53E0E /* Fishhh_prototypeUITests.swift */ = {isa = PBXFileReference; lastKnownFileType = sourcecode.swift; path = Fishhh_prototypeUITests.swift; sourceTree = "<group>"; };
		16101B3023875DC500D53E0E /* Info.plist */ = {isa = PBXFileReference; lastKnownFileType = text.plist.xml; path = Info.plist; sourceTree = "<group>"; };
		16101B3C2387702A00D53E0E /* Color.xcassets */ = {isa = PBXFileReference; lastKnownFileType = folder.assetcatalog; path = Color.xcassets; sourceTree = "<group>"; };
		16101B3E2387912500D53E0E /* ShopViewController.swift */ = {isa = PBXFileReference; lastKnownFileType = sourcecode.swift; path = ShopViewController.swift; sourceTree = "<group>"; };
/* End PBXFileReference section */

/* Begin PBXFrameworksBuildPhase section */
		16101B0823875DC200D53E0E /* Frameworks */ = {
			isa = PBXFrameworksBuildPhase;
			buildActionMask = 2147483647;
			files = (
			);
			runOnlyForDeploymentPostprocessing = 0;
		};
		16101B1C23875DC500D53E0E /* Frameworks */ = {
			isa = PBXFrameworksBuildPhase;
			buildActionMask = 2147483647;
			files = (
			);
			runOnlyForDeploymentPostprocessing = 0;
		};
		16101B2723875DC500D53E0E /* Frameworks */ = {
			isa = PBXFrameworksBuildPhase;
			buildActionMask = 2147483647;
			files = (
			);
			runOnlyForDeploymentPostprocessing = 0;
		};
/* End PBXFrameworksBuildPhase section */

/* Begin PBXGroup section */
		16101B0223875DC200D53E0E = {
			isa = PBXGroup;
			children = (
				16101B0D23875DC200D53E0E /* Fishhh-prototype */,
				16101B2223875DC500D53E0E /* Fishhh-prototypeTests */,
				16101B2D23875DC500D53E0E /* Fishhh-prototypeUITests */,
				16101B0C23875DC200D53E0E /* Products */,
			);
			sourceTree = "<group>";
		};
		16101B0C23875DC200D53E0E /* Products */ = {
			isa = PBXGroup;
			children = (
				16101B0B23875DC200D53E0E /* Fishhh-prototype.app */,
				16101B1F23875DC500D53E0E /* Fishhh-prototypeTests.xctest */,
				16101B2A23875DC500D53E0E /* Fishhh-prototypeUITests.xctest */,
			);
			name = Products;
			sourceTree = "<group>";
		};
		16101B0D23875DC200D53E0E /* Fishhh-prototype */ = {
			isa = PBXGroup;
			children = (
				16101B0E23875DC200D53E0E /* AppDelegate.swift */,
				16101B1023875DC200D53E0E /* ViewController.swift */,
				16101B1223875DC200D53E0E /* Main.storyboard */,
				16101B3E2387912500D53E0E /* ShopViewController.swift */,
				16101B1523875DC500D53E0E /* Assets.xcassets */,
				16101B3C2387702A00D53E0E /* Color.xcassets */,
				16101B1723875DC500D53E0E /* LaunchScreen.storyboard */,
				16101B1A23875DC500D53E0E /* Info.plist */,
			);
			path = "Fishhh-prototype";
			sourceTree = "<group>";
		};
		16101B2223875DC500D53E0E /* Fishhh-prototypeTests */ = {
			isa = PBXGroup;
			children = (
				16101B2323875DC500D53E0E /* Fishhh_prototypeTests.swift */,
				16101B2523875DC500D53E0E /* Info.plist */,
			);
			path = "Fishhh-prototypeTests";
			sourceTree = "<group>";
		};
		16101B2D23875DC500D53E0E /* Fishhh-prototypeUITests */ = {
			isa = PBXGroup;
			children = (
				16101B2E23875DC500D53E0E /* Fishhh_prototypeUITests.swift */,
				16101B3023875DC500D53E0E /* Info.plist */,
			);
			path = "Fishhh-prototypeUITests";
			sourceTree = "<group>";
		};
/* End PBXGroup section */

/* Begin PBXNativeTarget section */
		16101B0A23875DC200D53E0E /* Fishhh-prototype */ = {
			isa = PBXNativeTarget;
			buildConfigurationList = 16101B3323875DC500D53E0E /* Build configuration list for PBXNativeTarget "Fishhh-prototype" */;
			buildPhases = (
				16101B0723875DC200D53E0E /* Sources */,
				16101B0823875DC200D53E0E /* Frameworks */,
				16101B0923875DC200D53E0E /* Resources */,
			);
			buildRules = (
			);
			dependencies = (
			);
			name = "Fishhh-prototype";
			productName = "Fishhh-prototype";
			productReference = 16101B0B23875DC200D53E0E /* Fishhh-prototype.app */;
			productType = "com.apple.product-type.application";
		};
		16101B1E23875DC500D53E0E /* Fishhh-prototypeTests */ = {
			isa = PBXNativeTarget;
			buildConfigurationList = 16101B3623875DC500D53E0E /* Build configuration list for PBXNativeTarget "Fishhh-prototypeTests" */;
			buildPhases = (
				16101B1B23875DC500D53E0E /* Sources */,
				16101B1C23875DC500D53E0E /* Frameworks */,
				16101B1D23875DC500D53E0E /* Resources */,
			);
			buildRules = (
			);
			dependencies = (
				16101B2123875DC500D53E0E /* PBXTargetDependency */,
			);
			name = "Fishhh-prototypeTests";
			productName = "Fishhh-prototypeTests";
			productReference = 16101B1F23875DC500D53E0E /* Fishhh-prototypeTests.xctest */;
			productType = "com.apple.product-type.bundle.unit-test";
		};
		16101B2923875DC500D53E0E /* Fishhh-prototypeUITests */ = {
			isa = PBXNativeTarget;
			buildConfigurationList = 16101B3923875DC500D53E0E /* Build configuration list for PBXNativeTarget "Fishhh-prototypeUITests" */;
			buildPhases = (
				16101B2623875DC500D53E0E /* Sources */,
				16101B2723875DC500D53E0E /* Frameworks */,
				16101B2823875DC500D53E0E /* Resources */,
			);
			buildRules = (
			);
			dependencies = (
				16101B2C23875DC500D53E0E /* PBXTargetDependency */,
			);
			name = "Fishhh-prototypeUITests";
			productName = "Fishhh-prototypeUITests";
			productReference = 16101B2A23875DC500D53E0E /* Fishhh-prototypeUITests.xctest */;
			productType = "com.apple.product-type.bundle.ui-testing";
		};
/* End PBXNativeTarget section */

/* Begin PBXProject section */
		16101B0323875DC200D53E0E /* Project object */ = {
			isa = PBXProject;
			attributes = {
				LastSwiftUpdateCheck = 1030;
				LastUpgradeCheck = 1030;
				ORGANIZATIONNAME = VictoriaGBeegle;
				TargetAttributes = {
					16101B0A23875DC200D53E0E = {
						CreatedOnToolsVersion = 10.3;
					};
					16101B1E23875DC500D53E0E = {
						CreatedOnToolsVersion = 10.3;
						TestTargetID = 16101B0A23875DC200D53E0E;
					};
					16101B2923875DC500D53E0E = {
						CreatedOnToolsVersion = 10.3;
						TestTargetID = 16101B0A23875DC200D53E0E;
					};
				};
			};
			buildConfigurationList = 16101B0623875DC200D53E0E /* Build configuration list for PBXProject "Fishhh-prototype" */;
			compatibilityVersion = "Xcode 9.3";
			developmentRegion = en;
			hasScannedForEncodings = 0;
			knownRegions = (
				en,
				Base,
			);
			mainGroup = 16101B0223875DC200D53E0E;
			productRefGroup = 16101B0C23875DC200D53E0E /* Products */;
			projectDirPath = "";
			projectRoot = "";
			targets = (
				16101B0A23875DC200D53E0E /* Fishhh-prototype */,
				16101B1E23875DC500D53E0E /* Fishhh-prototypeTests */,
				16101B2923875DC500D53E0E /* Fishhh-prototypeUITests */,
			);
		};
/* End PBXProject section */

/* Begin PBXResourcesBuildPhase section */
		16101B0923875DC200D53E0E /* Resources */ = {
			isa = PBXResourcesBuildPhase;
			buildActionMask = 2147483647;
			files = (
				16101B1923875DC500D53E0E /* LaunchScreen.storyboard in Resources */,
				16101B3D2387702A00D53E0E /* Color.xcassets in Resources */,
				16101B1623875DC500D53E0E /* Assets.xcassets in Resources */,
				16101B1423875DC200D53E0E /* Main.storyboard in Resources */,
			);
			runOnlyForDeploymentPostprocessing = 0;
		};
		16101B1D23875DC500D53E0E /* Resources */ = {
			isa = PBXResourcesBuildPhase;
			buildActionMask = 2147483647;
			files = (
			);
			runOnlyForDeploymentPostprocessing = 0;
		};
		16101B2823875DC500D53E0E /* Resources */ = {
			isa = PBXResourcesBuildPhase;
			buildActionMask = 2147483647;
			files = (
			);
			runOnlyForDeploymentPostprocessing = 0;
		};
/* End PBXResourcesBuildPhase section */

/* Begin PBXSourcesBuildPhase section */
		16101B0723875DC200D53E0E /* Sources */ = {
			isa = PBXSourcesBuildPhase;
			buildActionMask = 2147483647;
			files = (
				16101B1123875DC200D53E0E /* ViewController.swift in Sources */,
				16101B0F23875DC200D53E0E /* AppDelegate.swift in Sources */,
				16101B3F2387912500D53E0E /* ShopViewController.swift in Sources */,
			);
			runOnlyForDeploymentPostprocessing = 0;
		};
		16101B1B23875DC500D53E0E /* Sources */ = {
			isa = PBXSourcesBuildPhase;
			buildActionMask = 2147483647;
			files = (
				16101B2423875DC500D53E0E /* Fishhh_prototypeTests.swift in Sources */,
			);
			runOnlyForDeploymentPostprocessing = 0;
		};
		16101B2623875DC500D53E0E /* Sources */ = {
			isa = PBXSourcesBuildPhase;
			buildActionMask = 2147483647;
			files = (
				16101B2F23875DC500D53E0E /* Fishhh_prototypeUITests.swift in Sources */,
			);
			runOnlyForDeploymentPostprocessing = 0;
		};
/* End PBXSourcesBuildPhase section */

/* Begin PBXTargetDependency section */
		16101B2123875DC500D53E0E /* PBXTargetDependency */ = {
			isa = PBXTargetDependency;
			target = 16101B0A23875DC200D53E0E /* Fishhh-prototype */;
			targetProxy = 16101B2023875DC500D53E0E /* PBXContainerItemProxy */;
		};
		16101B2C23875DC500D53E0E /* PBXTargetDependency */ = {
			isa = PBXTargetDependency;
			target = 16101B0A23875DC200D53E0E /* Fishhh-prototype */;
			targetProxy = 16101B2B23875DC500D53E0E /* PBXContainerItemProxy */;
		};
/* End PBXTargetDependency section */

/* Begin PBXVariantGroup section */
		16101B1223875DC200D53E0E /* Main.storyboard */ = {
			isa = PBXVariantGroup;
			children = (
				16101B1323875DC200D53E0E /* Base */,
			);
			name = Main.storyboard;
			sourceTree = "<group>";
		};
		16101B1723875DC500D53E0E /* LaunchScreen.storyboard */ = {
			isa = PBXVariantGroup;
			children = (
				16101B1823875DC500D53E0E /* Base */,
			);
			name = LaunchScreen.storyboard;
			sourceTree = "<group>";
		};
/* End PBXVariantGroup section */

/* Begin XCBuildConfiguration section */
		16101B3123875DC500D53E0E /* Debug */ = {
			isa = XCBuildConfiguration;
			buildSettings = {
				ALWAYS_SEARCH_USER_PATHS = NO;
				CLANG_ANALYZER_NONNULL = YES;
				CLANG_ANALYZER_NUMBER_OBJECT_CONVERSION = YES_AGGRESSIVE;
				CLANG_CXX_LANGUAGE_STANDARD = "gnu++14";
				CLANG_CXX_LIBRARY = "libc++";
				CLANG_ENABLE_MODULES = YES;
				CLANG_ENABLE_OBJC_ARC = YES;
				CLANG_ENABLE_OBJC_WEAK = YES;
				CLANG_WARN_BLOCK_CAPTURE_AUTORELEASING = YES;
				CLANG_WARN_BOOL_CONVERSION = YES;
				CLANG_WARN_COMMA = YES;
				CLANG_WARN_CONSTANT_CONVERSION = YES;
				CLANG_WARN_DEPRECATED_OBJC_IMPLEMENTATIONS = YES;
				CLANG_WARN_DIRECT_OBJC_ISA_USAGE = YES_ERROR;
				CLANG_WARN_DOCUMENTATION_COMMENTS = YES;
				CLANG_WARN_EMPTY_BODY = YES;
				CLANG_WARN_ENUM_CONVERSION = YES;
				CLANG_WARN_INFINITE_RECURSION = YES;
				CLANG_WARN_INT_CONVERSION = YES;
				CLANG_WARN_NON_LITERAL_NULL_CONVERSION = YES;
				CLANG_WARN_OBJC_IMPLICIT_RETAIN_SELF = YES;
				CLANG_WARN_OBJC_LITERAL_CONVERSION = YES;
				CLANG_WARN_OBJC_ROOT_CLASS = YES_ERROR;
				CLANG_WARN_RANGE_LOOP_ANALYSIS = YES;
				CLANG_WARN_STRICT_PROTOTYPES = YES;
				CLANG_WARN_SUSPICIOUS_MOVE = YES;
				CLANG_WARN_UNGUARDED_AVAILABILITY = YES_AGGRESSIVE;
				CLANG_WARN_UNREACHABLE_CODE = YES;
				CLANG_WARN__DUPLICATE_METHOD_MATCH = YES;
				CODE_SIGN_IDENTITY = "iPhone Developer";
				COPY_PHASE_STRIP = NO;
				DEBUG_INFORMATION_FORMAT = dwarf;
				ENABLE_STRICT_OBJC_MSGSEND = YES;
				ENABLE_TESTABILITY = YES;
				GCC_C_LANGUAGE_STANDARD = gnu11;
				GCC_DYNAMIC_NO_PIC = NO;
				GCC_NO_COMMON_BLOCKS = YES;
				GCC_OPTIMIZATION_LEVEL = 0;
				GCC_PREPROCESSOR_DEFINITIONS = (
					"DEBUG=1",
					"$(inherited)",
				);
				GCC_WARN_64_TO_32_BIT_CONVERSION = YES;
				GCC_WARN_ABOUT_RETURN_TYPE = YES_ERROR;
				GCC_WARN_UNDECLARED_SELECTOR = YES;
				GCC_WARN_UNINITIALIZED_AUTOS = YES_AGGRESSIVE;
				GCC_WARN_UNUSED_FUNCTION = YES;
				GCC_WARN_UNUSED_VARIABLE = YES;
				IPHONEOS_DEPLOYMENT_TARGET = 12.4;
				MTL_ENABLE_DEBUG_INFO = INCLUDE_SOURCE;
				MTL_FAST_MATH = YES;
				ONLY_ACTIVE_ARCH = YES;
				SDKROOT = iphoneos;
				SWIFT_ACTIVE_COMPILATION_CONDITIONS = DEBUG;
				SWIFT_OPTIMIZATION_LEVEL = "-Onone";
			};
			name = Debug;
		};
		16101B3223875DC500D53E0E /* Release */ = {
			isa = XCBuildConfiguration;
			buildSettings = {
				ALWAYS_SEARCH_USER_PATHS = NO;
				CLANG_ANALYZER_NONNULL = YES;
				CLANG_ANALYZER_NUMBER_OBJECT_CONVERSION = YES_AGGRESSIVE;
				CLANG_CXX_LANGUAGE_STANDARD = "gnu++14";
				CLANG_CXX_LIBRARY = "libc++";
				CLANG_ENABLE_MODULES = YES;
				CLANG_ENABLE_OBJC_ARC = YES;
				CLANG_ENABLE_OBJC_WEAK = YES;
				CLANG_WARN_BLOCK_CAPTURE_AUTORELEASING = YES;
				CLANG_WARN_BOOL_CONVERSION = YES;
				CLANG_WARN_COMMA = YES;
				CLANG_WARN_CONSTANT_CONVERSION = YES;
				CLANG_WARN_DEPRECATED_OBJC_IMPLEMENTATIONS = YES;
				CLANG_WARN_DIRECT_OBJC_ISA_USAGE = YES_ERROR;
				CLANG_WARN_DOCUMENTATION_COMMENTS = YES;
				CLANG_WARN_EMPTY_BODY = YES;
				CLANG_WARN_ENUM_CONVERSION = YES;
				CLANG_WARN_INFINITE_RECURSION = YES;
				CLANG_WARN_INT_CONVERSION = YES;
				CLANG_WARN_NON_LITERAL_NULL_CONVERSION = YES;
				CLANG_WARN_OBJC_IMPLICIT_RETAIN_SELF = YES;
				CLANG_WARN_OBJC_LITERAL_CONVERSION = YES;
				CLANG_WARN_OBJC_ROOT_CLASS = YES_ERROR;
				CLANG_WARN_RANGE_LOOP_ANALYSIS = YES;
				CLANG_WARN_STRICT_PROTOTYPES = YES;
				CLANG_WARN_SUSPICIOUS_MOVE = YES;
				CLANG_WARN_UNGUARDED_AVAILABILITY = YES_AGGRESSIVE;
				CLANG_WARN_UNREACHABLE_CODE = YES;
				CLANG_WARN__DUPLICATE_METHOD_MATCH = YES;
				CODE_SIGN_IDENTITY = "iPhone Developer";
				COPY_PHASE_STRIP = NO;
				DEBUG_INFORMATION_FORMAT = "dwarf-with-dsym";
				ENABLE_NS_ASSERTIONS = NO;
				ENABLE_STRICT_OBJC_MSGSEND = YES;
				GCC_C_LANGUAGE_STANDARD = gnu11;
				GCC_NO_COMMON_BLOCKS = YES;
				GCC_WARN_64_TO_32_BIT_CONVERSION = YES;
				GCC_WARN_ABOUT_RETURN_TYPE = YES_ERROR;
				GCC_WARN_UNDECLARED_SELECTOR = YES;
				GCC_WARN_UNINITIALIZED_AUTOS = YES_AGGRESSIVE;
				GCC_WARN_UNUSED_FUNCTION = YES;
				GCC_WARN_UNUSED_VARIABLE = YES;
				IPHONEOS_DEPLOYMENT_TARGET = 12.4;
				MTL_ENABLE_DEBUG_INFO = NO;
				MTL_FAST_MATH = YES;
				SDKROOT = iphoneos;
				SWIFT_COMPILATION_MODE = wholemodule;
				SWIFT_OPTIMIZATION_LEVEL = "-O";
				VALIDATE_PRODUCT = YES;
			};
			name = Release;
		};
		16101B3423875DC500D53E0E /* Debug */ = {
			isa = XCBuildConfiguration;
			buildSettings = {
				ASSETCATALOG_COMPILER_APPICON_NAME = AppIcon;
				CODE_SIGN_STYLE = Automatic;
				INFOPLIST_FILE = "Fishhh-prototype/Info.plist";
				LD_RUNPATH_SEARCH_PATHS = (
					"$(inherited)",
					"@executable_path/Frameworks",
				);
				PRODUCT_BUNDLE_IDENTIFIER = "Cascadie.Fishhh-prototype";
				PRODUCT_NAME = "$(TARGET_NAME)";
				SWIFT_VERSION = 5.0;
				TARGETED_DEVICE_FAMILY = "1,2";
			};
			name = Debug;
		};
		16101B3523875DC500D53E0E /* Release */ = {
			isa = XCBuildConfiguration;
			buildSettings = {
				ASSETCATALOG_COMPILER_APPICON_NAME = AppIcon;
				CODE_SIGN_STYLE = Automatic;
				INFOPLIST_FILE = "Fishhh-prototype/Info.plist";
				LD_RUNPATH_SEARCH_PATHS = (
					"$(inherited)",
					"@executable_path/Frameworks",
				);
				PRODUCT_BUNDLE_IDENTIFIER = "Cascadie.Fishhh-prototype";
				PRODUCT_NAME = "$(TARGET_NAME)";
				SWIFT_VERSION = 5.0;
				TARGETED_DEVICE_FAMILY = "1,2";
			};
			name = Release;
		};
		16101B3723875DC500D53E0E /* Debug */ = {
			isa = XCBuildConfiguration;
			buildSettings = {
				ALWAYS_EMBED_SWIFT_STANDARD_LIBRARIES = YES;
				BUNDLE_LOADER = "$(TEST_HOST)";
				CODE_SIGN_STYLE = Automatic;
				INFOPLIST_FILE = "Fishhh-prototypeTests/Info.plist";
				LD_RUNPATH_SEARCH_PATHS = (
					"$(inherited)",
					"@executable_path/Frameworks",
					"@loader_path/Frameworks",
				);
				PRODUCT_BUNDLE_IDENTIFIER = "Cascadie.Fishhh-prototypeTests";
				PRODUCT_NAME = "$(TARGET_NAME)";
				SWIFT_VERSION = 5.0;
				TARGETED_DEVICE_FAMILY = "1,2";
				TEST_HOST = "$(BUILT_PRODUCTS_DIR)/Fishhh-prototype.app/Fishhh-prototype";
			};
			name = Debug;
		};
		16101B3823875DC500D53E0E /* Release */ = {
			isa = XCBuildConfiguration;
			buildSettings = {
				ALWAYS_EMBED_SWIFT_STANDARD_LIBRARIES = YES;
				BUNDLE_LOADER = "$(TEST_HOST)";
				CODE_SIGN_STYLE = Automatic;
				INFOPLIST_FILE = "Fishhh-prototypeTests/Info.plist";
				LD_RUNPATH_SEARCH_PATHS = (
					"$(inherited)",
					"@executable_path/Frameworks",
					"@loader_path/Frameworks",
				);
				PRODUCT_BUNDLE_IDENTIFIER = "Cascadie.Fishhh-prototypeTests";
				PRODUCT_NAME = "$(TARGET_NAME)";
				SWIFT_VERSION = 5.0;
				TARGETED_DEVICE_FAMILY = "1,2";
				TEST_HOST = "$(BUILT_PRODUCTS_DIR)/Fishhh-prototype.app/Fishhh-prototype";
			};
			name = Release;
		};
		16101B3A23875DC500D53E0E /* Debug */ = {
			isa = XCBuildConfiguration;
			buildSettings = {
				ALWAYS_EMBED_SWIFT_STANDARD_LIBRARIES = YES;
				CODE_SIGN_STYLE = Automatic;
				INFOPLIST_FILE = "Fishhh-prototypeUITests/Info.plist";
				LD_RUNPATH_SEARCH_PATHS = (
					"$(inherited)",
					"@executable_path/Frameworks",
					"@loader_path/Frameworks",
				);
				PRODUCT_BUNDLE_IDENTIFIER = "Cascadie.Fishhh-prototypeUITests";
				PRODUCT_NAME = "$(TARGET_NAME)";
				SWIFT_VERSION = 5.0;
				TARGETED_DEVICE_FAMILY = "1,2";
				TEST_TARGET_NAME = "Fishhh-prototype";
			};
			name = Debug;
		};
		16101B3B23875DC500D53E0E /* Release */ = {
			isa = XCBuildConfiguration;
			buildSettings = {
				ALWAYS_EMBED_SWIFT_STANDARD_LIBRARIES = YES;
				CODE_SIGN_STYLE = Automatic;
				INFOPLIST_FILE = "Fishhh-prototypeUITests/Info.plist";
				LD_RUNPATH_SEARCH_PATHS = (
					"$(inherited)",
					"@executable_path/Frameworks",
					"@loader_path/Frameworks",
				);
				PRODUCT_BUNDLE_IDENTIFIER = "Cascadie.Fishhh-prototypeUITests";
				PRODUCT_NAME = "$(TARGET_NAME)";
				SWIFT_VERSION = 5.0;
				TARGETED_DEVICE_FAMILY = "1,2";
				TEST_TARGET_NAME = "Fishhh-prototype";
			};
			name = Release;
		};
/* End XCBuildConfiguration section */

/* Begin XCConfigurationList section */
		16101B0623875DC200D53E0E /* Build configuration list for PBXProject "Fishhh-prototype" */ = {
			isa = XCConfigurationList;
			buildConfigurations = (
				16101B3123875DC500D53E0E /* Debug */,
				16101B3223875DC500D53E0E /* Release */,
			);
			defaultConfigurationIsVisible = 0;
			defaultConfigurationName = Release;
		};
		16101B3323875DC500D53E0E /* Build configuration list for PBXNativeTarget "Fishhh-prototype" */ = {
			isa = XCConfigurationList;
			buildConfigurations = (
				16101B3423875DC500D53E0E /* Debug */,
				16101B3523875DC500D53E0E /* Release */,
			);
			defaultConfigurationIsVisible = 0;
			defaultConfigurationName = Release;
		};
		16101B3623875DC500D53E0E /* Build configuration list for PBXNativeTarget "Fishhh-prototypeTests" */ = {
			isa = XCConfigurationList;
			buildConfigurations = (
				16101B3723875DC500D53E0E /* Debug */,
				16101B3823875DC500D53E0E /* Release */,
			);
			defaultConfigurationIsVisible = 0;
			defaultConfigurationName = Release;
		};
		16101B3923875DC500D53E0E /* Build configuration list for PBXNativeTarget "Fishhh-prototypeUITests" */ = {
			isa = XCConfigurationList;
			buildConfigurations = (
				16101B3A23875DC500D53E0E /* Debug */,
				16101B3B23875DC500D53E0E /* Release */,
			);
			defaultConfigurationIsVisible = 0;
			defaultConfigurationName = Release;
		};
/* End XCConfigurationList section */
	};
	rootObject = 16101B0323875DC200D53E0E /* Project object */;
}
